
Microsoft Visual Studio Solution File, Format Version 12.00
# Visual Studio Version 17
VisualStudioVersion = 17.5.002.0
MinimumVisualStudioVersion = 10.0.40219.1
Project("{9A19103F-16F7-4668-BE54-9A1E7A4F7556}") = "Palindrome", "Palindrome.csproj", "{AB06D30A-2BF1-4037-B09F-808B53F5D303}"
EndProject
Global
	GlobalSection(SolutionConfigurationPlatforms) = preSolution
		Debug|Any CPU = Debug|Any CPU
		Release|Any CPU = Release|Any CPU
	EndGlobalSection
	GlobalSection(ProjectConfigurationPlatforms) = postSolution
		{AB06D30A-2BF1-4037-B09F-808B53F5D303}.Debug|Any CPU.ActiveCfg = Debug|Any CPU
		{AB06D30A-2BF1-4037-B09F-808B53F5D303}.Debug|Any CPU.Build.0 = Debug|Any CPU
		{AB06D30A-2BF1-4037-B09F-808B53F5D303}.Release|Any CPU.ActiveCfg = Release|Any CPU
		{AB06D30A-2BF1-4037-B09F-808B53F5D303}.Release|Any CPU.Build.0 = Release|Any CPU
	EndGlobalSection
	GlobalSection(SolutionProperties) = preSolution
		HideSolutionNode = FALSE
	EndGlobalSection
	GlobalSection(ExtensibilityGlobals) = postSolution
		SolutionGuid = {4B957341-836C-457B-A312-FAF971A175DC}
	EndGlobalSection
EndGlobal
